
Microsoft Visual Studio Solution File, Format Version 12.00
# Visual Studio Version 16
VisualStudioVersion = 16.0.30114.105
MinimumVisualStudioVersion = 10.0.40219.1
Project("{9092AA53-FB77-4645-B42D-1CCCA6BD08BD}") = "JavaScript_Lab1", "JavaScript_Lab1\JavaScript_Lab1.njsproj", "{05BF7DC5-53A5-4DA7-9F1E-9786AD58E475}"
EndProject
Global
	GlobalSection(SolutionConfigurationPlatforms) = preSolution
		Debug|Any CPU = Debug|Any CPU
		Release|Any CPU = Release|Any CPU
	EndGlobalSection
	GlobalSection(ProjectConfigurationPlatforms) = postSolution
		{05BF7DC5-53A5-4DA7-9F1E-9786AD58E475}.Debug|Any CPU.ActiveCfg = Debug|Any CPU
		{05BF7DC5-53A5-4DA7-9F1E-9786AD58E475}.Debug|Any CPU.Build.0 = Debug|Any CPU
		{05BF7DC5-53A5-4DA7-9F1E-9786AD58E475}.Release|Any CPU.ActiveCfg = Release|Any CPU
		{05BF7DC5-53A5-4DA7-9F1E-9786AD58E475}.Release|Any CPU.Build.0 = Release|Any CPU
	EndGlobalSection
	GlobalSection(SolutionProperties) = preSolution
		HideSolutionNode = FALSE
	EndGlobalSection
	GlobalSection(ExtensibilityGlobals) = postSolution
		SolutionGuid = {826DB82D-C9E1-47DA-8581-1CF810C9D180}
	EndGlobalSection
EndGlobal
